
Microsoft Visual Studio Solution File, Format Version 12.00
# Visual Studio Version 16
VisualStudioVersion = 16.6.30114.105
MinimumVisualStudioVersion = 10.0.40219.1
Project("{9A19103F-16F7-4668-BE54-9A1E7A4F7556}") = "Web.Boot", "src\Web.Boot\Web.Boot.csproj", "{4C5586E5-1710-40CE-BF7D-0D1265E5E821}"
EndProject
Project("{9A19103F-16F7-4668-BE54-9A1E7A4F7556}") = "web-boot", "src\web-boot\web-boot.csproj", "{BBAE4493-3B27-4DF1-B384-2FFA5D007FE3}"
EndProject
Project("{2150E333-8FDC-42A3-9474-1A3956D46DE8}") = "Solution Items", "Solution Items", "{4DE22C66-CD96-467D-9E74-95A69B0938B5}"
	ProjectSection(SolutionItems) = preProject
		scripts\bump-version.csx = scripts\bump-version.csx
		Dockerfile = Dockerfile
		README.md = README.md
	EndProjectSection
EndProject
Global
	GlobalSection(SolutionConfigurationPlatforms) = preSolution
		Debug|Any CPU = Debug|Any CPU
		Release|Any CPU = Release|Any CPU
	EndGlobalSection
	GlobalSection(ProjectConfigurationPlatforms) = postSolution
		{4C5586E5-1710-40CE-BF7D-0D1265E5E821}.Debug|Any CPU.ActiveCfg = Debug|Any CPU
		{4C5586E5-1710-40CE-BF7D-0D1265E5E821}.Debug|Any CPU.Build.0 = Debug|Any CPU
		{4C5586E5-1710-40CE-BF7D-0D1265E5E821}.Release|Any CPU.ActiveCfg = Release|Any CPU
		{4C5586E5-1710-40CE-BF7D-0D1265E5E821}.Release|Any CPU.Build.0 = Release|Any CPU
		{BBAE4493-3B27-4DF1-B384-2FFA5D007FE3}.Debug|Any CPU.ActiveCfg = Debug|Any CPU
		{BBAE4493-3B27-4DF1-B384-2FFA5D007FE3}.Debug|Any CPU.Build.0 = Debug|Any CPU
		{BBAE4493-3B27-4DF1-B384-2FFA5D007FE3}.Release|Any CPU.ActiveCfg = Release|Any CPU
		{BBAE4493-3B27-4DF1-B384-2FFA5D007FE3}.Release|Any CPU.Build.0 = Release|Any CPU
	EndGlobalSection
	GlobalSection(SolutionProperties) = preSolution
		HideSolutionNode = FALSE
	EndGlobalSection
	GlobalSection(ExtensibilityGlobals) = postSolution
		SolutionGuid = {515DA326-C50C-42E7-BB3C-741D5F18470A}
	EndGlobalSection
EndGlobal
